
Microsoft Visual Studio Solution File, Format Version 12.00
# Visual Studio 2013
VisualStudioVersion = 12.0.40629.0
MinimumVisualStudioVersion = 10.0.40219.1
Project("{FAE04EC0-301F-11D3-BF4B-00C04F79EFBC}") = "Burc_Program_Deneme", "Burc_Program_Deneme\Burc_Program_Deneme.csproj", "{F70C34A7-E494-43D4-904D-58A434DEE2A8}"
EndProject
Global
	GlobalSection(SolutionConfigurationPlatforms) = preSolution
		Debug|Any CPU = Debug|Any CPU
		Release|Any CPU = Release|Any CPU
	EndGlobalSection
	GlobalSection(ProjectConfigurationPlatforms) = postSolution
		{F70C34A7-E494-43D4-904D-58A434DEE2A8}.Debug|Any CPU.ActiveCfg = Debug|Any CPU
		{F70C34A7-E494-43D4-904D-58A434DEE2A8}.Debug|Any CPU.Build.0 = Debug|Any CPU
		{F70C34A7-E494-43D4-904D-58A434DEE2A8}.Release|Any CPU.ActiveCfg = Release|Any CPU
		{F70C34A7-E494-43D4-904D-58A434DEE2A8}.Release|Any CPU.Build.0 = Release|Any CPU
	EndGlobalSection
	GlobalSection(SolutionProperties) = preSolution
		HideSolutionNode = FALSE
	EndGlobalSection
EndGlobal
